
Microsoft Visual Studio Solution File, Format Version 12.00
# Visual Studio 2012
Project("{8BC9CEB8-8B4A-11D0-8D11-00A0C91BC942}") = "Sablon Colectie", "Sablon Colectie\Sablon Colectie.vcxproj", "{07FE8D25-BE3C-48CC-8633-63253610F704}"
EndProject
Global
	GlobalSection(SolutionConfigurationPlatforms) = preSolution
		Debug|Win32 = Debug|Win32
		Release|Win32 = Release|Win32
	EndGlobalSection
	GlobalSection(ProjectConfigurationPlatforms) = postSolution
		{07FE8D25-BE3C-48CC-8633-63253610F704}.Debug|Win32.ActiveCfg = Debug|Win32
		{07FE8D25-BE3C-48CC-8633-63253610F704}.Debug|Win32.Build.0 = Debug|Win32
		{07FE8D25-BE3C-48CC-8633-63253610F704}.Release|Win32.ActiveCfg = Release|Win32
		{07FE8D25-BE3C-48CC-8633-63253610F704}.Release|Win32.Build.0 = Release|Win32
	EndGlobalSection
	GlobalSection(SolutionProperties) = preSolution
		HideSolutionNode = FALSE
	EndGlobalSection
EndGlobal
