
Microsoft Visual Studio Solution File, Format Version 12.00
# Visual Studio 2012
Project("{8BC9CEB8-8B4A-11D0-8D11-00A0C91BC942}") = "Sablon functie", "Sablon functie\Sablon functie.vcxproj", "{F01FB9A6-B03F-4FE6-82F9-4419CC67038B}"
EndProject
Global
	GlobalSection(SolutionConfigurationPlatforms) = preSolution
		Debug|Win32 = Debug|Win32
		Release|Win32 = Release|Win32
	EndGlobalSection
	GlobalSection(ProjectConfigurationPlatforms) = postSolution
		{F01FB9A6-B03F-4FE6-82F9-4419CC67038B}.Debug|Win32.ActiveCfg = Debug|Win32
		{F01FB9A6-B03F-4FE6-82F9-4419CC67038B}.Debug|Win32.Build.0 = Debug|Win32
		{F01FB9A6-B03F-4FE6-82F9-4419CC67038B}.Release|Win32.ActiveCfg = Release|Win32
		{F01FB9A6-B03F-4FE6-82F9-4419CC67038B}.Release|Win32.Build.0 = Release|Win32
	EndGlobalSection
	GlobalSection(SolutionProperties) = preSolution
		HideSolutionNode = FALSE
	EndGlobalSection
EndGlobal
